
Microsoft Visual Studio Solution File, Format Version 12.00
# Visual Studio Version 17
VisualStudioVersion = 17.1.31903.286
MinimumVisualStudioVersion = 10.0.40219.1
Project("{9A19103F-16F7-4668-BE54-9A1E7A4F7556}") = "Forte.Weather.Client", "Forte.Weather.Client\Forte.Weather.Client.csproj", "{7440CF94-9A2E-4974-9370-BFF2F90CB443}"
EndProject
Global
	GlobalSection(SolutionConfigurationPlatforms) = preSolution
		Debug|Any CPU = Debug|Any CPU
		Release|Any CPU = Release|Any CPU
	EndGlobalSection
	GlobalSection(ProjectConfigurationPlatforms) = postSolution
		{7440CF94-9A2E-4974-9370-BFF2F90CB443}.Debug|Any CPU.ActiveCfg = Debug|Any CPU
		{7440CF94-9A2E-4974-9370-BFF2F90CB443}.Debug|Any CPU.Build.0 = Debug|Any CPU
		{7440CF94-9A2E-4974-9370-BFF2F90CB443}.Release|Any CPU.ActiveCfg = Release|Any CPU
		{7440CF94-9A2E-4974-9370-BFF2F90CB443}.Release|Any CPU.Build.0 = Release|Any CPU
	EndGlobalSection
	GlobalSection(SolutionProperties) = preSolution
		HideSolutionNode = FALSE
	EndGlobalSection
	GlobalSection(ExtensibilityGlobals) = postSolution
		SolutionGuid = {6B0DDE7F-0BB8-4AD2-91EC-A0B3FB4AADD0}
	EndGlobalSection
EndGlobal
